
Microsoft Visual Studio Solution File, Format Version 12.00
Project("{FAE04EC0-301F-11D3-BF4B-00C04F79EFBC}") = "Goon-Autocompile", "Goon-Autocompile\Goon-Autocompile.csproj", "{BBF739EE-AAD1-4CDC-93E1-2378D7D572EF}"
EndProject
Global
	GlobalSection(SolutionConfigurationPlatforms) = preSolution
		Debug|Any CPU = Debug|Any CPU
		Release|Any CPU = Release|Any CPU
	EndGlobalSection
	GlobalSection(ProjectConfigurationPlatforms) = postSolution
		{BBF739EE-AAD1-4CDC-93E1-2378D7D572EF}.Debug|Any CPU.ActiveCfg = Debug|Any CPU
		{BBF739EE-AAD1-4CDC-93E1-2378D7D572EF}.Debug|Any CPU.Build.0 = Debug|Any CPU
		{BBF739EE-AAD1-4CDC-93E1-2378D7D572EF}.Release|Any CPU.ActiveCfg = Release|Any CPU
		{BBF739EE-AAD1-4CDC-93E1-2378D7D572EF}.Release|Any CPU.Build.0 = Release|Any CPU
	EndGlobalSection
EndGlobal
